// !$*UTF8*$!
{
	archiveVersion = 1;
	classes = {
	};
	objectVersion = 50;
	objects = {

/* Begin PBXBuildFile section */
		A174975925550AEC00BADF15 /* AppDelegate.swift in Sources */ = {isa = PBXBuildFile; fileRef = A174975825550AEC00BADF15 /* AppDelegate.swift */; };
		A174975B25550AEC00BADF15 /* SceneDelegate.swift in Sources */ = {isa = PBXBuildFile; fileRef = A174975A25550AEC00BADF15 /* SceneDelegate.swift */; };
		A174975D25550AEC00BADF15 /* ViewController.swift in Sources */ = {isa = PBXBuildFile; fileRef = A174975C25550AEC00BADF15 /* ViewController.swift */; };
		A174976025550AEC00BADF15 /* Main.storyboard in Resources */ = {isa = PBXBuildFile; fileRef = A174975E25550AEC00BADF15 /* Main.storyboard */; };
		A174976225550AED00BADF15 /* Assets.xcassets in Resources */ = {isa = PBXBuildFile; fileRef = A174976125550AED00BADF15 /* Assets.xcassets */; };
		A174976525550AED00BADF15 /* LaunchScreen.storyboard in Resources */ = {isa = PBXBuildFile; fileRef = A174976325550AED00BADF15 /* LaunchScreen.storyboard */; };
		A179AE1A2555C26900232F3B /* Locations.xcdatamodeld in Sources */ = {isa = PBXBuildFile; fileRef = A179AE182555C26900232F3B /* Locations.xcdatamodeld */; };
		A179AE372555CD4E00232F3B /* LocationCell.swift in Sources */ = {isa = PBXBuildFile; fileRef = A179AE362555CD4E00232F3B /* LocationCell.swift */; };
/* End PBXBuildFile section */

/* Begin PBXFileReference section */
		A174975525550AEC00BADF15 /* AccuAQI.app */ = {isa = PBXFileReference; explicitFileType = wrapper.application; includeInIndex = 0; path = AccuAQI.app; sourceTree = BUILT_PRODUCTS_DIR; };
		A174975825550AEC00BADF15 /* AppDelegate.swift */ = {isa = PBXFileReference; lastKnownFileType = sourcecode.swift; path = AppDelegate.swift; sourceTree = "<group>"; };
		A174975A25550AEC00BADF15 /* SceneDelegate.swift */ = {isa = PBXFileReference; lastKnownFileType = sourcecode.swift; path = SceneDelegate.swift; sourceTree = "<group>"; };
		A174975C25550AEC00BADF15 /* ViewController.swift */ = {isa = PBXFileReference; lastKnownFileType = sourcecode.swift; path = ViewController.swift; sourceTree = "<group>"; };
		A174975F25550AEC00BADF15 /* Base */ = {isa = PBXFileReference; lastKnownFileType = file.storyboard; name = Base; path = Base.lproj/Main.storyboard; sourceTree = "<group>"; };
		A174976125550AED00BADF15 /* Assets.xcassets */ = {isa = PBXFileReference; lastKnownFileType = folder.assetcatalog; path = Assets.xcassets; sourceTree = "<group>"; };
		A174976425550AED00BADF15 /* Base */ = {isa = PBXFileReference; lastKnownFileType = file.storyboard; name = Base; path = Base.lproj/LaunchScreen.storyboard; sourceTree = "<group>"; };
		A174976625550AED00BADF15 /* Info.plist */ = {isa = PBXFileReference; lastKnownFileType = text.plist.xml; path = Info.plist; sourceTree = "<group>"; };
		A179AE192555C26900232F3B /* Locations.xcdatamodel */ = {isa = PBXFileReference; lastKnownFileType = wrapper.xcdatamodel; path = Locations.xcdatamodel; sourceTree = "<group>"; };
		A179AE362555CD4E00232F3B /* LocationCell.swift */ = {isa = PBXFileReference; lastKnownFileType = sourcecode.swift; path = LocationCell.swift; sourceTree = "<group>"; };
/* End PBXFileReference section */

/* Begin PBXFrameworksBuildPhase section */
		A174975225550AEC00BADF15 /* Frameworks */ = {
			isa = PBXFrameworksBuildPhase;
			buildActionMask = 2147483647;
			files = (
			);
			runOnlyForDeploymentPostprocessing = 0;
		};
/* End PBXFrameworksBuildPhase section */

/* Begin PBXGroup section */
		A174974C25550AEC00BADF15 = {
			isa = PBXGroup;
			children = (
				A174975725550AEC00BADF15 /* AccuAQI */,
				A174975625550AEC00BADF15 /* Products */,
			);
			sourceTree = "<group>";
		};
		A174975625550AEC00BADF15 /* Products */ = {
			isa = PBXGroup;
			children = (
				A174975525550AEC00BADF15 /* AccuAQI.app */,
			);
			name = Products;
			sourceTree = "<group>";
		};
		A174975725550AEC00BADF15 /* AccuAQI */ = {
			isa = PBXGroup;
			children = (
				A174976125550AED00BADF15 /* Assets.xcassets */,
				A179AE1D2555C29B00232F3B /* Storyboards */,
				A179AE1C2555C28800232F3B /* Resources */,
				A174976D25550E1000BADF15 /* Views */,
				A174976625550AED00BADF15 /* Info.plist */,
				A179AE182555C26900232F3B /* Locations.xcdatamodeld */,
				A179AE362555CD4E00232F3B /* LocationCell.swift */,
			);
			path = AccuAQI;
			sourceTree = "<group>";
		};
		A174976D25550E1000BADF15 /* Views */ = {
			isa = PBXGroup;
			children = (
				A174975C25550AEC00BADF15 /* ViewController.swift */,
			);
			path = Views;
			sourceTree = "<group>";
		};
		A179AE1C2555C28800232F3B /* Resources */ = {
			isa = PBXGroup;
			children = (
				A174975825550AEC00BADF15 /* AppDelegate.swift */,
				A174975A25550AEC00BADF15 /* SceneDelegate.swift */,
			);
			path = Resources;
			sourceTree = "<group>";
		};
		A179AE1D2555C29B00232F3B /* Storyboards */ = {
			isa = PBXGroup;
			children = (
				A174975E25550AEC00BADF15 /* Main.storyboard */,
				A174976325550AED00BADF15 /* LaunchScreen.storyboard */,
			);
			path = Storyboards;
			sourceTree = "<group>";
		};
/* End PBXGroup section */

/* Begin PBXNativeTarget section */
		A174975425550AEC00BADF15 /* AccuAQI */ = {
			isa = PBXNativeTarget;
			buildConfigurationList = A174976925550AED00BADF15 /* Build configuration list for PBXNativeTarget "AccuAQI" */;
			buildPhases = (
				A174975125550AEC00BADF15 /* Sources */,
				A174975225550AEC00BADF15 /* Frameworks */,
				A174975325550AEC00BADF15 /* Resources */,
			);
			buildRules = (
			);
			dependencies = (
			);
			name = AccuAQI;
			productName = AccuAQI;
			productReference = A174975525550AEC00BADF15 /* AccuAQI.app */;
			productType = "com.apple.product-type.application";
		};
/* End PBXNativeTarget section */

/* Begin PBXProject section */
		A174974D25550AEC00BADF15 /* Project object */ = {
			isa = PBXProject;
			attributes = {
				LastSwiftUpdateCheck = 1210;
				LastUpgradeCheck = 1210;
				TargetAttributes = {
					A174975425550AEC00BADF15 = {
						CreatedOnToolsVersion = 12.1;
					};
				};
			};
			buildConfigurationList = A174975025550AEC00BADF15 /* Build configuration list for PBXProject "AccuAQI" */;
			compatibilityVersion = "Xcode 9.3";
			developmentRegion = en;
			hasScannedForEncodings = 0;
			knownRegions = (
				en,
				Base,
			);
			mainGroup = A174974C25550AEC00BADF15;
			productRefGroup = A174975625550AEC00BADF15 /* Products */;
			projectDirPath = "";
			projectRoot = "";
			targets = (
				A174975425550AEC00BADF15 /* AccuAQI */,
			);
		};
/* End PBXProject section */

/* Begin PBXResourcesBuildPhase section */
		A174975325550AEC00BADF15 /* Resources */ = {
			isa = PBXResourcesBuildPhase;
			buildActionMask = 2147483647;
			files = (
				A174976525550AED00BADF15 /* LaunchScreen.storyboard in Resources */,
				A174976225550AED00BADF15 /* Assets.xcassets in Resources */,
				A174976025550AEC00BADF15 /* Main.storyboard in Resources */,
			);
			runOnlyForDeploymentPostprocessing = 0;
		};
/* End PBXResourcesBuildPhase section */

/* Begin PBXSourcesBuildPhase section */
		A174975125550AEC00BADF15 /* Sources */ = {
			isa = PBXSourcesBuildPhase;
			buildActionMask = 2147483647;
			files = (
				A174975D25550AEC00BADF15 /* ViewController.swift in Sources */,
				A179AE372555CD4E00232F3B /* LocationCell.swift in Sources */,
				A174975925550AEC00BADF15 /* AppDelegate.swift in Sources */,
				A179AE1A2555C26900232F3B /* Locations.xcdatamodeld in Sources */,
				A174975B25550AEC00BADF15 /* SceneDelegate.swift in Sources */,
			);
			runOnlyForDeploymentPostprocessing = 0;
		};
/* End PBXSourcesBuildPhase section */

/* Begin PBXVariantGroup section */
		A174975E25550AEC00BADF15 /* Main.storyboard */ = {
			isa = PBXVariantGroup;
			children = (
				A174975F25550AEC00BADF15 /* Base */,
			);
			name = Main.storyboard;
			sourceTree = "<group>";
		};
		A174976325550AED00BADF15 /* LaunchScreen.storyboard */ = {
			isa = PBXVariantGroup;
			children = (
				A174976425550AED00BADF15 /* Base */,
			);
			name = LaunchScreen.storyboard;
			sourceTree = "<group>";
		};
/* End PBXVariantGroup section */

/* Begin XCBuildConfiguration section */
		A174976725550AED00BADF15 /* Debug */ = {
			isa = XCBuildConfiguration;
			buildSettings = {
				ALWAYS_SEARCH_USER_PATHS = NO;
				CLANG_ANALYZER_NONNULL = YES;
				CLANG_ANALYZER_NUMBER_OBJECT_CONVERSION = YES_AGGRESSIVE;
				CLANG_CXX_LANGUAGE_STANDARD = "gnu++14";
				CLANG_CXX_LIBRARY = "libc++";
				CLANG_ENABLE_MODULES = YES;
				CLANG_ENABLE_OBJC_ARC = YES;
				CLANG_ENABLE_OBJC_WEAK = YES;
				CLANG_WARN_BLOCK_CAPTURE_AUTORELEASING = YES;
				CLANG_WARN_BOOL_CONVERSION = YES;
				CLANG_WARN_COMMA = YES;
				CLANG_WARN_CONSTANT_CONVERSION = YES;
				CLANG_WARN_DEPRECATED_OBJC_IMPLEMENTATIONS = YES;
				CLANG_WARN_DIRECT_OBJC_ISA_USAGE = YES_ERROR;
				CLANG_WARN_DOCUMENTATION_COMMENTS = YES;
				CLANG_WARN_EMPTY_BODY = YES;
				CLANG_WARN_ENUM_CONVERSION = YES;
				CLANG_WARN_INFINITE_RECURSION = YES;
				CLANG_WARN_INT_CONVERSION = YES;
				CLANG_WARN_NON_LITERAL_NULL_CONVERSION = YES;
				CLANG_WARN_OBJC_IMPLICIT_RETAIN_SELF = YES;
				CLANG_WARN_OBJC_LITERAL_CONVERSION = YES;
				CLANG_WARN_OBJC_ROOT_CLASS = YES_ERROR;
				CLANG_WARN_QUOTED_INCLUDE_IN_FRAMEWORK_HEADER = YES;
				CLANG_WARN_RANGE_LOOP_ANALYSIS = YES;
				CLANG_WARN_STRICT_PROTOTYPES = YES;
				CLANG_WARN_SUSPICIOUS_MOVE = YES;
				CLANG_WARN_UNGUARDED_AVAILABILITY = YES_AGGRESSIVE;
				CLANG_WARN_UNREACHABLE_CODE = YES;
				CLANG_WARN__DUPLICATE_METHOD_MATCH = YES;
				COPY_PHASE_STRIP = NO;
				DEBUG_INFORMATION_FORMAT = dwarf;
				ENABLE_STRICT_OBJC_MSGSEND = YES;
				ENABLE_TESTABILITY = YES;
				GCC_C_LANGUAGE_STANDARD = gnu11;
				GCC_DYNAMIC_NO_PIC = NO;
				GCC_NO_COMMON_BLOCKS = YES;
				GCC_OPTIMIZATION_LEVEL = 0;
				GCC_PREPROCESSOR_DEFINITIONS = (
					"DEBUG=1",
					"$(inherited)",
				);
				GCC_WARN_64_TO_32_BIT_CONVERSION = YES;
				GCC_WARN_ABOUT_RETURN_TYPE = YES_ERROR;
				GCC_WARN_UNDECLARED_SELECTOR = YES;
				GCC_WARN_UNINITIALIZED_AUTOS = YES_AGGRESSIVE;
				GCC_WARN_UNUSED_FUNCTION = YES;
				GCC_WARN_UNUSED_VARIABLE = YES;
				IPHONEOS_DEPLOYMENT_TARGET = 14.1;
				MTL_ENABLE_DEBUG_INFO = INCLUDE_SOURCE;
				MTL_FAST_MATH = YES;
				ONLY_ACTIVE_ARCH = YES;
				SDKROOT = iphoneos;
				SWIFT_ACTIVE_COMPILATION_CONDITIONS = DEBUG;
				SWIFT_OPTIMIZATION_LEVEL = "-Onone";
			};
			name = Debug;
		};
		A174976825550AED00BADF15 /* Release */ = {
			isa = XCBuildConfiguration;
			buildSettings = {
				ALWAYS_SEARCH_USER_PATHS = NO;
				CLANG_ANALYZER_NONNULL = YES;
				CLANG_ANALYZER_NUMBER_OBJECT_CONVERSION = YES_AGGRESSIVE;
				CLANG_CXX_LANGUAGE_STANDARD = "gnu++14";
				CLANG_CXX_LIBRARY = "libc++";
				CLANG_ENABLE_MODULES = YES;
				CLANG_ENABLE_OBJC_ARC = YES;
				CLANG_ENABLE_OBJC_WEAK = YES;
				CLANG_WARN_BLOCK_CAPTURE_AUTORELEASING = YES;
				CLANG_WARN_BOOL_CONVERSION = YES;
				CLANG_WARN_COMMA = YES;
				CLANG_WARN_CONSTANT_CONVERSION = YES;
				CLANG_WARN_DEPRECATED_OBJC_IMPLEMENTATIONS = YES;
				CLANG_WARN_DIRECT_OBJC_ISA_USAGE = YES_ERROR;
				CLANG_WARN_DOCUMENTATION_COMMENTS = YES;
				CLANG_WARN_EMPTY_BODY = YES;
				CLANG_WARN_ENUM_CONVERSION = YES;
				CLANG_WARN_INFINITE_RECURSION = YES;
				CLANG_WARN_INT_CONVERSION = YES;
				CLANG_WARN_NON_LITERAL_NULL_CONVERSION = YES;
				CLANG_WARN_OBJC_IMPLICIT_RETAIN_SELF = YES;
				CLANG_WARN_OBJC_LITERAL_CONVERSION = YES;
				CLANG_WARN_OBJC_ROOT_CLASS = YES_ERROR;
				CLANG_WARN_QUOTED_INCLUDE_IN_FRAMEWORK_HEADER = YES;
				CLANG_WARN_RANGE_LOOP_ANALYSIS = YES;
				CLANG_WARN_STRICT_PROTOTYPES = YES;
				CLANG_WARN_SUSPICIOUS_MOVE = YES;
				CLANG_WARN_UNGUARDED_AVAILABILITY = YES_AGGRESSIVE;
				CLANG_WARN_UNREACHABLE_CODE = YES;
				CLANG_WARN__DUPLICATE_METHOD_MATCH = YES;
				COPY_PHASE_STRIP = NO;
				DEBUG_INFORMATION_FORMAT = "dwarf-with-dsym";
				ENABLE_NS_ASSERTIONS = NO;
				ENABLE_STRICT_OBJC_MSGSEND = YES;
				GCC_C_LANGUAGE_STANDARD = gnu11;
				GCC_NO_COMMON_BLOCKS = YES;
				GCC_WARN_64_TO_32_BIT_CONVERSION = YES;
				GCC_WARN_ABOUT_RETURN_TYPE = YES_ERROR;
				GCC_WARN_UNDECLARED_SELECTOR = YES;
				GCC_WARN_UNINITIALIZED_AUTOS = YES_AGGRESSIVE;
				GCC_WARN_UNUSED_FUNCTION = YES;
				GCC_WARN_UNUSED_VARIABLE = YES;
				IPHONEOS_DEPLOYMENT_TARGET = 14.1;
				MTL_ENABLE_DEBUG_INFO = NO;
				MTL_FAST_MATH = YES;
				SDKROOT = iphoneos;
				SWIFT_COMPILATION_MODE = wholemodule;
				SWIFT_OPTIMIZATION_LEVEL = "-O";
				VALIDATE_PRODUCT = YES;
			};
			name = Release;
		};
		A174976A25550AED00BADF15 /* Debug */ = {
			isa = XCBuildConfiguration;
			buildSettings = {
				ASSETCATALOG_COMPILER_APPICON_NAME = AppIcon;
				ASSETCATALOG_COMPILER_GLOBAL_ACCENT_COLOR_NAME = AccentColor;
				CODE_SIGN_STYLE = Automatic;
				DEVELOPMENT_TEAM = UDU5C8NBFK;
				INFOPLIST_FILE = AccuAQI/Info.plist;
				LD_RUNPATH_SEARCH_PATHS = (
					"$(inherited)",
					"@executable_path/Frameworks",
				);
				PRODUCT_BUNDLE_IDENTIFIER = "jin-kim.AccuAQI";
				PRODUCT_NAME = "$(TARGET_NAME)";
				SWIFT_VERSION = 5.0;
				TARGETED_DEVICE_FAMILY = "1,2";
			};
			name = Debug;
		};
		A174976B25550AED00BADF15 /* Release */ = {
			isa = XCBuildConfiguration;
			buildSettings = {
				ASSETCATALOG_COMPILER_APPICON_NAME = AppIcon;
				ASSETCATALOG_COMPILER_GLOBAL_ACCENT_COLOR_NAME = AccentColor;
				CODE_SIGN_STYLE = Automatic;
				DEVELOPMENT_TEAM = UDU5C8NBFK;
				INFOPLIST_FILE = AccuAQI/Info.plist;
				LD_RUNPATH_SEARCH_PATHS = (
					"$(inherited)",
					"@executable_path/Frameworks",
				);
				PRODUCT_BUNDLE_IDENTIFIER = "jin-kim.AccuAQI";
				PRODUCT_NAME = "$(TARGET_NAME)";
				SWIFT_VERSION = 5.0;
				TARGETED_DEVICE_FAMILY = "1,2";
			};
			name = Release;
		};
/* End XCBuildConfiguration section */

/* Begin XCConfigurationList section */
		A174975025550AEC00BADF15 /* Build configuration list for PBXProject "AccuAQI" */ = {
			isa = XCConfigurationList;
			buildConfigurations = (
				A174976725550AED00BADF15 /* Debug */,
				A174976825550AED00BADF15 /* Release */,
			);
			defaultConfigurationIsVisible = 0;
			defaultConfigurationName = Release;
		};
		A174976925550AED00BADF15 /* Build configuration list for PBXNativeTarget "AccuAQI" */ = {
			isa = XCConfigurationList;
			buildConfigurations = (
				A174976A25550AED00BADF15 /* Debug */,
				A174976B25550AED00BADF15 /* Release */,
			);
			defaultConfigurationIsVisible = 0;
			defaultConfigurationName = Release;
		};
/* End XCConfigurationList section */

/* Begin XCVersionGroup section */
		A179AE182555C26900232F3B /* Locations.xcdatamodeld */ = {
			isa = XCVersionGroup;
			children = (
				A179AE192555C26900232F3B /* Locations.xcdatamodel */,
			);
			currentVersion = A179AE192555C26900232F3B /* Locations.xcdatamodel */;
			path = Locations.xcdatamodeld;
			sourceTree = "<group>";
			versionGroupType = wrapper.xcdatamodel;
		};
/* End XCVersionGroup section */
	};
	rootObject = A174974D25550AEC00BADF15 /* Project object */;
}
